
Microsoft Visual Studio Solution File, Format Version 12.00
# Visual Studio Version 17
VisualStudioVersion = 17.9.34728.123
MinimumVisualStudioVersion = 10.0.40219.1
Project("{FAE04EC0-301F-11D3-BF4B-00C04F79EFBC}") = "Calculator-per4", "Calculator-per4\Calculator-per4.csproj", "{843F80BA-22D9-40CA-A6F6-1EA22DACBA42}"
EndProject
Global
	GlobalSection(SolutionConfigurationPlatforms) = preSolution
		Debug|Any CPU = Debug|Any CPU
		Release|Any CPU = Release|Any CPU
	EndGlobalSection
	GlobalSection(ProjectConfigurationPlatforms) = postSolution
		{843F80BA-22D9-40CA-A6F6-1EA22DACBA42}.Debug|Any CPU.ActiveCfg = Debug|Any CPU
		{843F80BA-22D9-40CA-A6F6-1EA22DACBA42}.Debug|Any CPU.Build.0 = Debug|Any CPU
		{843F80BA-22D9-40CA-A6F6-1EA22DACBA42}.Release|Any CPU.ActiveCfg = Release|Any CPU
		{843F80BA-22D9-40CA-A6F6-1EA22DACBA42}.Release|Any CPU.Build.0 = Release|Any CPU
	EndGlobalSection
	GlobalSection(SolutionProperties) = preSolution
		HideSolutionNode = FALSE
	EndGlobalSection
	GlobalSection(ExtensibilityGlobals) = postSolution
		SolutionGuid = {4C6625E5-6867-4999-BB8F-CD86BC0EA514}
	EndGlobalSection
EndGlobal
